Microsoft Visual Studio Solution File, Format Version 12.00
# Visual Studio Version 17
VisualStudioVersion = 17.5.2.0
MinimumVisualStudioVersion = 10.0.40219.1
Project("{FAE04EC0-301F-11D3-BF4B-00C04F79EFBC}") = ".temp_build_test", ".temp_build_test\.temp_build_test.csproj", "{5DB64EDA-6913-7871-25AD-1053FA65D280}"
EndProject
Global
	GlobalSection(SolutionConfigurationPlatforms) = preSolution
		Debug|Any CPU = Debug|Any CPU
		Release|Any CPU = Release|Any CPU
	EndGlobalSection
	GlobalSection(ProjectConfigurationPlatforms) = postSolution
		{5DB64EDA-6913-7871-25AD-1053FA65D280}.Debug|Any CPU.ActiveCfg = Debug|Any CPU
		{5DB64EDA-6913-7871-25AD-1053FA65D280}.Debug|Any CPU.Build.0 = Debug|Any CPU
		{5DB64EDA-6913-7871-25AD-1053FA65D280}.Release|Any CPU.ActiveCfg = Release|Any CPU
		{5DB64EDA-6913-7871-25AD-1053FA65D280}.Release|Any CPU.Build.0 = Release|Any CPU
	EndGlobalSection
	GlobalSection(SolutionProperties) = preSolution
		HideSolutionNode = FALSE
	EndGlobalSection
	GlobalSection(ExtensibilityGlobals) = postSolution
		SolutionGuid = {78485291-B5AA-4286-BA24-B336424A0AE4}
	EndGlobalSection
EndGlobal
